
Microsoft Visual Studio Solution File, Format Version 12.00
# Visual Studio 14
VisualStudioVersion = 14.0.23107.0
MinimumVisualStudioVersion = 10.0.40219.1
Project("{FAE04EC0-301F-11D3-BF4B-00C04F79EFBC}") = "UFO.Server.Data.Api", "UFO.Server.Data.Api\UFO.Server.Data.Api.csproj", "{A573B60A-EEEF-444C-A2E6-FBE5A3BB9A8E}"
EndProject
Project("{FAE04EC0-301F-11D3-BF4B-00C04F79EFBC}") = "UFO.Server.Data.MySql", "UFO.Server.Data.MySql\UFO.Server.Data.MySql.csproj", "{73254840-8215-4A04-92FF-6BF34B605674}"
EndProject
Project("{FAE04EC0-301F-11D3-BF4B-00C04F79EFBC}") = "UFO.Server.Test.Data.MySql", "UFO.Server.Test.Data.Util\UFO.Server.Test.Data.MySql.csproj", "{067456C0-086C-46A8-B37F-1405717B7BFC}"
EndProject
Project("{FAE04EC0-301F-11D3-BF4B-00C04F79EFBC}") = "UFO.Server.Test.Nunit.Api", "UFO.Test.Nunit.Api\UFO.Server.Test.Nunit.Api.csproj", "{13FF9C08-7CF1-4678-B6F0-E09D7FFA9883}"
EndProject
Global
	GlobalSection(SolutionConfigurationPlatforms) = preSolution
		Debug|Any CPU = Debug|Any CPU
		Release|Any CPU = Release|Any CPU
	EndGlobalSection
	GlobalSection(ProjectConfigurationPlatforms) = postSolution
		{A573B60A-EEEF-444C-A2E6-FBE5A3BB9A8E}.Debug|Any CPU.ActiveCfg = Debug|Any CPU
		{A573B60A-EEEF-444C-A2E6-FBE5A3BB9A8E}.Debug|Any CPU.Build.0 = Debug|Any CPU
		{A573B60A-EEEF-444C-A2E6-FBE5A3BB9A8E}.Release|Any CPU.ActiveCfg = Release|Any CPU
		{A573B60A-EEEF-444C-A2E6-FBE5A3BB9A8E}.Release|Any CPU.Build.0 = Release|Any CPU
		{73254840-8215-4A04-92FF-6BF34B605674}.Debug|Any CPU.ActiveCfg = Debug|Any CPU
		{73254840-8215-4A04-92FF-6BF34B605674}.Debug|Any CPU.Build.0 = Debug|Any CPU
		{73254840-8215-4A04-92FF-6BF34B605674}.Release|Any CPU.ActiveCfg = Release|Any CPU
		{73254840-8215-4A04-92FF-6BF34B605674}.Release|Any CPU.Build.0 = Release|Any CPU
		{067456C0-086C-46A8-B37F-1405717B7BFC}.Debug|Any CPU.ActiveCfg = Debug|Any CPU
		{067456C0-086C-46A8-B37F-1405717B7BFC}.Debug|Any CPU.Build.0 = Debug|Any CPU
		{067456C0-086C-46A8-B37F-1405717B7BFC}.Release|Any CPU.ActiveCfg = Release|Any CPU
		{067456C0-086C-46A8-B37F-1405717B7BFC}.Release|Any CPU.Build.0 = Release|Any CPU
		{13FF9C08-7CF1-4678-B6F0-E09D7FFA9883}.Debug|Any CPU.ActiveCfg = Debug|Any CPU
		{13FF9C08-7CF1-4678-B6F0-E09D7FFA9883}.Debug|Any CPU.Build.0 = Debug|Any CPU
		{13FF9C08-7CF1-4678-B6F0-E09D7FFA9883}.Release|Any CPU.ActiveCfg = Release|Any CPU
		{13FF9C08-7CF1-4678-B6F0-E09D7FFA9883}.Release|Any CPU.Build.0 = Release|Any CPU
	EndGlobalSection
	GlobalSection(SolutionProperties) = preSolution
		HideSolutionNode = FALSE
	EndGlobalSection
EndGlobal
