
Microsoft Visual Studio Solution File, Format Version 12.00
# Visual Studio 14
VisualStudioVersion = 14.0.24720.0
MinimumVisualStudioVersion = 10.0.40219.1
Project("{FAE04EC0-301F-11D3-BF4B-00C04F79EFBC}") = "UFO.Server.Data.Api", "UFO.Server.Data.Api\UFO.Server.Data.Api.csproj", "{A573B60A-EEEF-444C-A2E6-FBE5A3BB9A8E}"
EndProject
Project("{FAE04EC0-301F-11D3-BF4B-00C04F79EFBC}") = "UFO.Server.Data.MySql", "UFO.Server.Data.MySql\UFO.Server.Data.MySql.csproj", "{73254840-8215-4A04-92FF-6BF34B605674}"
EndProject
Project("{FAE04EC0-301F-11D3-BF4B-00C04F79EFBC}") = "UFO.Server.Test.Data.MySql", "UFO.Server.Test.Data.MySql\UFO.Server.Test.Data.MySql.csproj", "{067456C0-086C-46A8-B37F-1405717B7BFC}"
EndProject
Project("{FAE04EC0-301F-11D3-BF4B-00C04F79EFBC}") = "UFO.Common.Util", "UFO.Common.Util\UFO.Common.Util.csproj", "{28D506C4-7522-4DF6-8955-6FED83F848A8}"
EndProject
Project("{FAE04EC0-301F-11D3-BF4B-00C04F79EFBC}") = "UFO.Commander.Service.Api", "UFO.Commander.Service.Api\UFO.Commander.Service.Api.csproj", "{D61FD5DB-D14E-401C-81E1-1A49AFC8559B}"
EndProject
Project("{FAE04EC0-301F-11D3-BF4B-00C04F79EFBC}") = "UFO.Commander.Service.Impl", "UFO.Commander.Service.Impl\UFO.Commander.Service.Impl.csproj", "{5722BAD6-D46C-4E16-B6EB-4D1580F32318}"
EndProject
Project("{FAE04EC0-301F-11D3-BF4B-00C04F79EFBC}") = "UFO.Commander.Wpf.Administration", "UFO.Commander.Wpf.Administration\UFO.Commander.Wpf.Administration.csproj", "{E3FCE6BE-6A08-46C5-B6E2-D7CB28B9DAC2}"
EndProject
Global
	GlobalSection(SolutionConfigurationPlatforms) = preSolution
		Debug|Any CPU = Debug|Any CPU
		Release|Any CPU = Release|Any CPU
	EndGlobalSection
	GlobalSection(ProjectConfigurationPlatforms) = postSolution
		{A573B60A-EEEF-444C-A2E6-FBE5A3BB9A8E}.Debug|Any CPU.ActiveCfg = Debug|Any CPU
		{A573B60A-EEEF-444C-A2E6-FBE5A3BB9A8E}.Debug|Any CPU.Build.0 = Debug|Any CPU
		{A573B60A-EEEF-444C-A2E6-FBE5A3BB9A8E}.Release|Any CPU.ActiveCfg = Release|Any CPU
		{A573B60A-EEEF-444C-A2E6-FBE5A3BB9A8E}.Release|Any CPU.Build.0 = Release|Any CPU
		{73254840-8215-4A04-92FF-6BF34B605674}.Debug|Any CPU.ActiveCfg = Debug|Any CPU
		{73254840-8215-4A04-92FF-6BF34B605674}.Debug|Any CPU.Build.0 = Debug|Any CPU
		{73254840-8215-4A04-92FF-6BF34B605674}.Release|Any CPU.ActiveCfg = Release|Any CPU
		{73254840-8215-4A04-92FF-6BF34B605674}.Release|Any CPU.Build.0 = Release|Any CPU
		{067456C0-086C-46A8-B37F-1405717B7BFC}.Debug|Any CPU.ActiveCfg = Debug|Any CPU
		{067456C0-086C-46A8-B37F-1405717B7BFC}.Debug|Any CPU.Build.0 = Debug|Any CPU
		{067456C0-086C-46A8-B37F-1405717B7BFC}.Release|Any CPU.ActiveCfg = Release|Any CPU
		{067456C0-086C-46A8-B37F-1405717B7BFC}.Release|Any CPU.Build.0 = Release|Any CPU
		{28D506C4-7522-4DF6-8955-6FED83F848A8}.Debug|Any CPU.ActiveCfg = Debug|Any CPU
		{28D506C4-7522-4DF6-8955-6FED83F848A8}.Debug|Any CPU.Build.0 = Debug|Any CPU
		{28D506C4-7522-4DF6-8955-6FED83F848A8}.Release|Any CPU.ActiveCfg = Release|Any CPU
		{28D506C4-7522-4DF6-8955-6FED83F848A8}.Release|Any CPU.Build.0 = Release|Any CPU
		{D61FD5DB-D14E-401C-81E1-1A49AFC8559B}.Debug|Any CPU.ActiveCfg = Debug|Any CPU
		{D61FD5DB-D14E-401C-81E1-1A49AFC8559B}.Debug|Any CPU.Build.0 = Debug|Any CPU
		{D61FD5DB-D14E-401C-81E1-1A49AFC8559B}.Release|Any CPU.ActiveCfg = Release|Any CPU
		{D61FD5DB-D14E-401C-81E1-1A49AFC8559B}.Release|Any CPU.Build.0 = Release|Any CPU
		{5722BAD6-D46C-4E16-B6EB-4D1580F32318}.Debug|Any CPU.ActiveCfg = Debug|Any CPU
		{5722BAD6-D46C-4E16-B6EB-4D1580F32318}.Debug|Any CPU.Build.0 = Debug|Any CPU
		{5722BAD6-D46C-4E16-B6EB-4D1580F32318}.Release|Any CPU.ActiveCfg = Release|Any CPU
		{5722BAD6-D46C-4E16-B6EB-4D1580F32318}.Release|Any CPU.Build.0 = Release|Any CPU
		{E3FCE6BE-6A08-46C5-B6E2-D7CB28B9DAC2}.Debug|Any CPU.ActiveCfg = Debug|Any CPU
		{E3FCE6BE-6A08-46C5-B6E2-D7CB28B9DAC2}.Debug|Any CPU.Build.0 = Debug|Any CPU
		{E3FCE6BE-6A08-46C5-B6E2-D7CB28B9DAC2}.Release|Any CPU.ActiveCfg = Release|Any CPU
		{E3FCE6BE-6A08-46C5-B6E2-D7CB28B9DAC2}.Release|Any CPU.Build.0 = Release|Any CPU
	EndGlobalSection
	GlobalSection(SolutionProperties) = preSolution
		HideSolutionNode = FALSE
	EndGlobalSection
EndGlobal
